
Microsoft Visual Studio Solution File, Format Version 12.00
# Visual Studio 14
VisualStudioVersion = 14.0.25420.1
MinimumVisualStudioVersion = 10.0.40219.1
Project("{FAE04EC0-301F-11D3-BF4B-00C04F79EFBC}") = "DataCore", "DataCore\DataCore.csproj", "{DEDA8EBC-AD0E-492E-85F7-2DBCC1C66C5F}"
EndProject
Project("{FAE04EC0-301F-11D3-BF4B-00C04F79EFBC}") = "DataCore.Test", "DataCore.Test\DataCore.Test.csproj", "{B1AA69A1-3848-47C6-8D1B-8810A28D4315}"
EndProject
Project("{FAE04EC0-301F-11D3-BF4B-00C04F79EFBC}") = "DataCore.Database", "DataCore.Database\DataCore.Database.csproj", "{BB807B00-3B7D-4AAD-9B56-A73EC1458366}"
EndProject
Project("{FAE04EC0-301F-11D3-BF4B-00C04F79EFBC}") = "DataCore.Database.Sqlite", "DataCore.Database.Sqlite\DataCore.Database.Sqlite.csproj", "{4656BB1D-D2E8-4E08-9C35-E5CEAEEB2FD2}"
EndProject
Project("{FAE04EC0-301F-11D3-BF4B-00C04F79EFBC}") = "DataCore.Database.SqlServer", "DataCore.Database.SqlServer\DataCore.Database.SqlServer.csproj", "{A14390CF-046B-4EBE-AF9B-E5D4C3C9372C}"
EndProject
Global
	GlobalSection(SolutionConfigurationPlatforms) = preSolution
		Debug|Any CPU = Debug|Any CPU
		Release|Any CPU = Release|Any CPU
	EndGlobalSection
	GlobalSection(ProjectConfigurationPlatforms) = postSolution
		{DEDA8EBC-AD0E-492E-85F7-2DBCC1C66C5F}.Debug|Any CPU.ActiveCfg = Debug|Any CPU
		{DEDA8EBC-AD0E-492E-85F7-2DBCC1C66C5F}.Debug|Any CPU.Build.0 = Debug|Any CPU
		{DEDA8EBC-AD0E-492E-85F7-2DBCC1C66C5F}.Release|Any CPU.ActiveCfg = Release|Any CPU
		{DEDA8EBC-AD0E-492E-85F7-2DBCC1C66C5F}.Release|Any CPU.Build.0 = Release|Any CPU
		{B1AA69A1-3848-47C6-8D1B-8810A28D4315}.Debug|Any CPU.ActiveCfg = Debug|Any CPU
		{B1AA69A1-3848-47C6-8D1B-8810A28D4315}.Debug|Any CPU.Build.0 = Debug|Any CPU
		{B1AA69A1-3848-47C6-8D1B-8810A28D4315}.Release|Any CPU.ActiveCfg = Release|Any CPU
		{B1AA69A1-3848-47C6-8D1B-8810A28D4315}.Release|Any CPU.Build.0 = Release|Any CPU
		{BB807B00-3B7D-4AAD-9B56-A73EC1458366}.Debug|Any CPU.ActiveCfg = Debug|Any CPU
		{BB807B00-3B7D-4AAD-9B56-A73EC1458366}.Debug|Any CPU.Build.0 = Debug|Any CPU
		{BB807B00-3B7D-4AAD-9B56-A73EC1458366}.Release|Any CPU.ActiveCfg = Release|Any CPU
		{BB807B00-3B7D-4AAD-9B56-A73EC1458366}.Release|Any CPU.Build.0 = Release|Any CPU
		{4656BB1D-D2E8-4E08-9C35-E5CEAEEB2FD2}.Debug|Any CPU.ActiveCfg = Debug|Any CPU
		{4656BB1D-D2E8-4E08-9C35-E5CEAEEB2FD2}.Debug|Any CPU.Build.0 = Debug|Any CPU
		{4656BB1D-D2E8-4E08-9C35-E5CEAEEB2FD2}.Release|Any CPU.ActiveCfg = Release|Any CPU
		{4656BB1D-D2E8-4E08-9C35-E5CEAEEB2FD2}.Release|Any CPU.Build.0 = Release|Any CPU
		{A14390CF-046B-4EBE-AF9B-E5D4C3C9372C}.Debug|Any CPU.ActiveCfg = Debug|Any CPU
		{A14390CF-046B-4EBE-AF9B-E5D4C3C9372C}.Debug|Any CPU.Build.0 = Debug|Any CPU
		{A14390CF-046B-4EBE-AF9B-E5D4C3C9372C}.Release|Any CPU.ActiveCfg = Release|Any CPU
		{A14390CF-046B-4EBE-AF9B-E5D4C3C9372C}.Release|Any CPU.Build.0 = Release|Any CPU
	EndGlobalSection
	GlobalSection(SolutionProperties) = preSolution
		HideSolutionNode = FALSE
	EndGlobalSection
EndGlobal
